
Microsoft Visual Studio Solution File, Format Version 12.00
# Visual Studio Version 17
VisualStudioVersion = 17.14.36511.14 d17.14
MinimumVisualStudioVersion = 10.0.40219.1
Project("{FAE04EC0-301F-11D3-BF4B-00C04F79EFBC}") = "POO", "POO.csproj", "{1A392BC5-C3BB-4EFC-B8B5-FC8DDE698E04}"
EndProject
Global
	GlobalSection(SolutionConfigurationPlatforms) = preSolution
		Debug|Any CPU = Debug|Any CPU
		Release|Any CPU = Release|Any CPU
	EndGlobalSection
	GlobalSection(ProjectConfigurationPlatforms) = postSolution
		{1A392BC5-C3BB-4EFC-B8B5-FC8DDE698E04}.Debug|Any CPU.ActiveCfg = Debug|Any CPU
		{1A392BC5-C3BB-4EFC-B8B5-FC8DDE698E04}.Debug|Any CPU.Build.0 = Debug|Any CPU
		{1A392BC5-C3BB-4EFC-B8B5-FC8DDE698E04}.Release|Any CPU.ActiveCfg = Release|Any CPU
		{1A392BC5-C3BB-4EFC-B8B5-FC8DDE698E04}.Release|Any CPU.Build.0 = Release|Any CPU
	EndGlobalSection
	GlobalSection(SolutionProperties) = preSolution
		HideSolutionNode = FALSE
	EndGlobalSection
	GlobalSection(ExtensibilityGlobals) = postSolution
		SolutionGuid = {AE80073D-D296-4EEA-9481-422C737BB7BB}
	EndGlobalSection
EndGlobal
